
Microsoft Visual Studio Solution File, Format Version 12.00
# Visual Studio 15
VisualStudioVersion = 15.0.27703.2042
MinimumVisualStudioVersion = 10.0.40219.1
Project("{FAE04EC0-301F-11D3-BF4B-00C04F79EFBC}") = "Numerical Methods", "Numerical Methods\Numerical Methods.csproj", "{78053CBF-9ADB-4CCD-BA42-96BAF81A19CB}"
EndProject
Global
	GlobalSection(SolutionConfigurationPlatforms) = preSolution
		Debug|Any CPU = Debug|Any CPU
		Release|Any CPU = Release|Any CPU
	EndGlobalSection
	GlobalSection(ProjectConfigurationPlatforms) = postSolution
		{78053CBF-9ADB-4CCD-BA42-96BAF81A19CB}.Debug|Any CPU.ActiveCfg = Debug|Any CPU
		{78053CBF-9ADB-4CCD-BA42-96BAF81A19CB}.Debug|Any CPU.Build.0 = Debug|Any CPU
		{78053CBF-9ADB-4CCD-BA42-96BAF81A19CB}.Release|Any CPU.ActiveCfg = Release|Any CPU
		{78053CBF-9ADB-4CCD-BA42-96BAF81A19CB}.Release|Any CPU.Build.0 = Release|Any CPU
	EndGlobalSection
	GlobalSection(SolutionProperties) = preSolution
		HideSolutionNode = FALSE
	EndGlobalSection
	GlobalSection(ExtensibilityGlobals) = postSolution
		SolutionGuid = {ED38EF66-1F3C-4F5E-B036-F59C44B7C571}
	EndGlobalSection
EndGlobal
